
Microsoft Visual Studio Solution File, Format Version 12.00
# Visual Studio 15
VisualStudioVersion = 15.0.27428.2037
MinimumVisualStudioVersion = 10.0.40219.1
Project("{FAE04EC0-301F-11D3-BF4B-00C04F79EFBC}") = "sso", "sso\sso.csproj", "{B5321E75-0A89-41FF-B864-53FB774F1A16}"
EndProject
Project("{FAE04EC0-301F-11D3-BF4B-00C04F79EFBC}") = "Robo.Sicaq.AppConsole", "Robo.Sicaq\Robo.Sicaq.AppConsole.csproj", "{4460BE09-992F-4C0A-850B-6707CD2F4516}"
EndProject
Global
	GlobalSection(SolutionConfigurationPlatforms) = preSolution
		Debug|Any CPU = Debug|Any CPU
		Release|Any CPU = Release|Any CPU
	EndGlobalSection
	GlobalSection(ProjectConfigurationPlatforms) = postSolution
		{B5321E75-0A89-41FF-B864-53FB774F1A16}.Debug|Any CPU.ActiveCfg = Debug|Any CPU
		{B5321E75-0A89-41FF-B864-53FB774F1A16}.Debug|Any CPU.Build.0 = Debug|Any CPU
		{B5321E75-0A89-41FF-B864-53FB774F1A16}.Release|Any CPU.ActiveCfg = Release|Any CPU
		{B5321E75-0A89-41FF-B864-53FB774F1A16}.Release|Any CPU.Build.0 = Release|Any CPU
		{4460BE09-992F-4C0A-850B-6707CD2F4516}.Debug|Any CPU.ActiveCfg = Debug|Any CPU
		{4460BE09-992F-4C0A-850B-6707CD2F4516}.Debug|Any CPU.Build.0 = Debug|Any CPU
		{4460BE09-992F-4C0A-850B-6707CD2F4516}.Release|Any CPU.ActiveCfg = Release|Any CPU
		{4460BE09-992F-4C0A-850B-6707CD2F4516}.Release|Any CPU.Build.0 = Release|Any CPU
	EndGlobalSection
	GlobalSection(SolutionProperties) = preSolution
		HideSolutionNode = FALSE
	EndGlobalSection
	GlobalSection(ExtensibilityGlobals) = postSolution
		SolutionGuid = {020B9B0C-57A0-4D76-8480-D6554AD946EE}
	EndGlobalSection
EndGlobal
